
Microsoft Visual Studio Solution File, Format Version 12.00
# Visual Studio Version 17
VisualStudioVersion = 17.13.35919.96
MinimumVisualStudioVersion = 10.0.40219.1
Project("{FAE04EC0-301F-11D3-BF4B-00C04F79EFBC}") = "POCSync.MAUI", "POCSync.MAUI\POCSync.MAUI.csproj", "{0534DEBD-8C96-48F6-B327-392C16050FDA}"
EndProject
Project("{FAE04EC0-301F-11D3-BF4B-00C04F79EFBC}") = "Infrastructure.Dapper", "Infrastructure.Dapper\Infrastructure.Dapper.csproj", "{09D82855-E6EA-4DF7-8928-D95E08788CF4}"
EndProject
Global
	GlobalSection(SolutionConfigurationPlatforms) = preSolution
		Debug|Any CPU = Debug|Any CPU
		Release|Any CPU = Release|Any CPU
	EndGlobalSection
	GlobalSection(ProjectConfigurationPlatforms) = postSolution
		{0534DEBD-8C96-48F6-B327-392C16050FDA}.Debug|Any CPU.ActiveCfg = Debug|Any CPU
		{0534DEBD-8C96-48F6-B327-392C16050FDA}.Debug|Any CPU.Build.0 = Debug|Any CPU
		{0534DEBD-8C96-48F6-B327-392C16050FDA}.Debug|Any CPU.Deploy.0 = Debug|Any CPU
		{0534DEBD-8C96-48F6-B327-392C16050FDA}.Release|Any CPU.ActiveCfg = Release|Any CPU
		{0534DEBD-8C96-48F6-B327-392C16050FDA}.Release|Any CPU.Build.0 = Release|Any CPU
		{09D82855-E6EA-4DF7-8928-D95E08788CF4}.Debug|Any CPU.ActiveCfg = Debug|Any CPU
		{09D82855-E6EA-4DF7-8928-D95E08788CF4}.Debug|Any CPU.Build.0 = Debug|Any CPU
		{09D82855-E6EA-4DF7-8928-D95E08788CF4}.Release|Any CPU.ActiveCfg = Release|Any CPU
		{09D82855-E6EA-4DF7-8928-D95E08788CF4}.Release|Any CPU.Build.0 = Release|Any CPU
	EndGlobalSection
	GlobalSection(SolutionProperties) = preSolution
		HideSolutionNode = FALSE
	EndGlobalSection
	GlobalSection(ExtensibilityGlobals) = postSolution
		SolutionGuid = {8C008897-7916-4900-846A-0FE3EB8EE32A}
	EndGlobalSection
EndGlobal
